
Microsoft Visual Studio Solution File, Format Version 12.00
# Visual Studio Version 17
VisualStudioVersion = 17.0.31912.275
MinimumVisualStudioVersion = 10.0.40219.1
Project("{FAE04EC0-301F-11D3-BF4B-00C04F79EFBC}") = "Pedidos", "Pedidos.csproj", "{0955346C-DB38-4D28-94B2-F508BF30A617}"
EndProject
Global
	GlobalSection(SolutionConfigurationPlatforms) = preSolution
		Debug|Any CPU = Debug|Any CPU
		Release|Any CPU = Release|Any CPU
	EndGlobalSection
	GlobalSection(ProjectConfigurationPlatforms) = postSolution
		{0955346C-DB38-4D28-94B2-F508BF30A617}.Debug|Any CPU.ActiveCfg = Debug|Any CPU
		{0955346C-DB38-4D28-94B2-F508BF30A617}.Debug|Any CPU.Build.0 = Debug|Any CPU
		{0955346C-DB38-4D28-94B2-F508BF30A617}.Release|Any CPU.ActiveCfg = Release|Any CPU
		{0955346C-DB38-4D28-94B2-F508BF30A617}.Release|Any CPU.Build.0 = Release|Any CPU
	EndGlobalSection
	GlobalSection(SolutionProperties) = preSolution
		HideSolutionNode = FALSE
	EndGlobalSection
	GlobalSection(ExtensibilityGlobals) = postSolution
		SolutionGuid = {4436E920-0EE2-49B2-AB76-F0D76641D031}
	EndGlobalSection
EndGlobal
